{
  "name": "angular1-zones",
  "version": "1.0.0",
  "lockfileVersion": 1,
  "requires": true,
  "dependencies": {
    "sl-blip": {
      "version": "http://blip.strongloop.com/zone@0.3.4",
      "integrity": "sha512-P2cdwVJOm4tOcyrc1yKyVAPIerlAcmXmbim6Y8dN8QYgUjQLVVVFPRgTngcJxCBBota6LoTqZhg5udz9mukGeA==",
      "optional": true
    },
    "zone": {
      "version": "0.3.4",
      "resolved": "https://registry.npmjs.org/zone/-/zone-0.3.4.tgz",
      "integrity": "sha1-XshPKNHiYftrLpoDHMrOZOnH3ec=",
      "requires": {
        "sl-blip": "http://blip.strongloop.com/zone@0.3.4"
      }
    }
  }
}
